
Microsoft Visual Studio Solution File, Format Version 12.00
# Visual Studio Version 17
VisualStudioVersion = 17.13.35931.197 d17.13
MinimumVisualStudioVersion = 10.0.40219.1
Project("{FAE04EC0-301F-11D3-BF4B-00C04F79EFBC}") = "Avl", "Avl.csproj", "{1246C17A-ED13-44BF-9DBD-DD476ADEDA30}"
EndProject
Global
	GlobalSection(SolutionConfigurationPlatforms) = preSolution
		Debug|Any CPU = Debug|Any CPU
		Release|Any CPU = Release|Any CPU
	EndGlobalSection
	GlobalSection(ProjectConfigurationPlatforms) = postSolution
		{1246C17A-ED13-44BF-9DBD-DD476ADEDA30}.Debug|Any CPU.ActiveCfg = Debug|Any CPU
		{1246C17A-ED13-44BF-9DBD-DD476ADEDA30}.Debug|Any CPU.Build.0 = Debug|Any CPU
		{1246C17A-ED13-44BF-9DBD-DD476ADEDA30}.Release|Any CPU.ActiveCfg = Release|Any CPU
		{1246C17A-ED13-44BF-9DBD-DD476ADEDA30}.Release|Any CPU.Build.0 = Release|Any CPU
	EndGlobalSection
	GlobalSection(SolutionProperties) = preSolution
		HideSolutionNode = FALSE
	EndGlobalSection
	GlobalSection(ExtensibilityGlobals) = postSolution
		SolutionGuid = {C2433707-7012-4657-A278-84E11E82B8C1}
	EndGlobalSection
EndGlobal
