
Microsoft Visual Studio Solution File, Format Version 12.00
# Visual Studio Version 17
VisualStudioVersion = 17.13.35931.197 d17.13
MinimumVisualStudioVersion = 10.0.40219.1
Project("{FAE04EC0-301F-11D3-BF4B-00C04F79EFBC}") = "TestAvl", "TestAvl.csproj", "{F358E3C7-2699-4866-99AD-66C40FFFDC46}"
EndProject
Global
	GlobalSection(SolutionConfigurationPlatforms) = preSolution
		Debug|Any CPU = Debug|Any CPU
		Release|Any CPU = Release|Any CPU
	EndGlobalSection
	GlobalSection(ProjectConfigurationPlatforms) = postSolution
		{F358E3C7-2699-4866-99AD-66C40FFFDC46}.Debug|Any CPU.ActiveCfg = Debug|Any CPU
		{F358E3C7-2699-4866-99AD-66C40FFFDC46}.Debug|Any CPU.Build.0 = Debug|Any CPU
		{F358E3C7-2699-4866-99AD-66C40FFFDC46}.Release|Any CPU.ActiveCfg = Release|Any CPU
		{F358E3C7-2699-4866-99AD-66C40FFFDC46}.Release|Any CPU.Build.0 = Release|Any CPU
	EndGlobalSection
	GlobalSection(SolutionProperties) = preSolution
		HideSolutionNode = FALSE
	EndGlobalSection
	GlobalSection(ExtensibilityGlobals) = postSolution
		SolutionGuid = {58BE539E-8A57-471B-9581-12180BDF6130}
	EndGlobalSection
EndGlobal
